
Microsoft Visual Studio Solution File, Format Version 12.00
# Visual Studio Version 17
VisualStudioVersion = 17.4.33205.214
MinimumVisualStudioVersion = 10.0.40219.1
Project("{FAE04EC0-301F-11D3-BF4B-00C04F79EFBC}") = "ASM21670", "ASM21670.csproj", "{89B789B1-57BF-40E4-8DCB-9BCAA0B4E5CE}"
EndProject
Global
	GlobalSection(SolutionConfigurationPlatforms) = preSolution
		Debug|Any CPU = Debug|Any CPU
		Release|Any CPU = Release|Any CPU
	EndGlobalSection
	GlobalSection(ProjectConfigurationPlatforms) = postSolution
		{89B789B1-57BF-40E4-8DCB-9BCAA0B4E5CE}.Debug|Any CPU.ActiveCfg = Debug|Any CPU
		{89B789B1-57BF-40E4-8DCB-9BCAA0B4E5CE}.Debug|Any CPU.Build.0 = Debug|Any CPU
		{89B789B1-57BF-40E4-8DCB-9BCAA0B4E5CE}.Release|Any CPU.ActiveCfg = Release|Any CPU
		{89B789B1-57BF-40E4-8DCB-9BCAA0B4E5CE}.Release|Any CPU.Build.0 = Release|Any CPU
	EndGlobalSection
	GlobalSection(SolutionProperties) = preSolution
		HideSolutionNode = FALSE
	EndGlobalSection
	GlobalSection(ExtensibilityGlobals) = postSolution
		SolutionGuid = {F64B7635-CF8E-4814-B611-2888E68928EE}
	EndGlobalSection
EndGlobal
